
Microsoft Visual Studio Solution File, Format Version 12.00
# Visual Studio Version 16
VisualStudioVersion = 16.0.30804.86
MinimumVisualStudioVersion = 10.0.40219.1
Project("{F184B08F-C81C-45F6-A57F-5ABD9991F28F}") = "Chapter2No7", "Chapter2No7.vbproj", "{943A4CB2-0CE5-4FED-B1B5-6F2D3179B34B}"
EndProject
Global
	GlobalSection(SolutionConfigurationPlatforms) = preSolution
		Debug|Any CPU = Debug|Any CPU
		Release|Any CPU = Release|Any CPU
	EndGlobalSection
	GlobalSection(ProjectConfigurationPlatforms) = postSolution
		{943A4CB2-0CE5-4FED-B1B5-6F2D3179B34B}.Debug|Any CPU.ActiveCfg = Debug|Any CPU
		{943A4CB2-0CE5-4FED-B1B5-6F2D3179B34B}.Debug|Any CPU.Build.0 = Debug|Any CPU
		{943A4CB2-0CE5-4FED-B1B5-6F2D3179B34B}.Release|Any CPU.ActiveCfg = Release|Any CPU
		{943A4CB2-0CE5-4FED-B1B5-6F2D3179B34B}.Release|Any CPU.Build.0 = Release|Any CPU
	EndGlobalSection
	GlobalSection(SolutionProperties) = preSolution
		HideSolutionNode = FALSE
	EndGlobalSection
	GlobalSection(ExtensibilityGlobals) = postSolution
		SolutionGuid = {A5DAA4AC-CB22-47EA-921F-E225E6C21BCB}
	EndGlobalSection
EndGlobal
